
Microsoft Visual Studio Solution File, Format Version 12.00
# Visual Studio 14
VisualStudioVersion = 14.0.25420.1
MinimumVisualStudioVersion = 10.0.40219.1
Project("{8BC9CEB8-8B4A-11D0-8D11-00A0C91BC942}") = "ToggleColors", "ToggleColors\ToggleColors.vcxproj", "{76BA46CC-2F22-4EAB-8BDF-DFF71D6AD761}"
EndProject
Project("{6141683F-8A12-4E36-9623-2EB02B2C2303}") = "ToggleColorSetup_x64", "ToggleColorSetup_x64\ToggleColorSetup_x64.isproj", "{309B2FB6-1B91-4E3C-8F19-E241ED5236B6}"
EndProject
Project("{6141683F-8A12-4E36-9623-2EB02B2C2303}") = "ToggleColorSetup_x86", "ToggleColorSetup_x86\ToggleColorSetup_x86.isproj", "{79E08E89-9479-48FE-99C9-4ABCED0C76DA}"
EndProject
Global
	GlobalSection(SolutionConfigurationPlatforms) = preSolution
		CD_ROM|x64 = CD_ROM|x64
		CD_ROM|x86 = CD_ROM|x86
		Debug|x64 = Debug|x64
		Debug|x86 = Debug|x86
		DVD-5|x64 = DVD-5|x64
		DVD-5|x86 = DVD-5|x86
		Release|x64 = Release|x64
		Release|x86 = Release|x86
		SingleImage|x64 = SingleImage|x64
		SingleImage|x86 = SingleImage|x86
	EndGlobalSection
	GlobalSection(ProjectConfigurationPlatforms) = postSolution
		{76BA46CC-2F22-4EAB-8BDF-DFF71D6AD761}.CD_ROM|x64.ActiveCfg = Release|x64
		{76BA46CC-2F22-4EAB-8BDF-DFF71D6AD761}.CD_ROM|x64.Build.0 = Release|x64
		{76BA46CC-2F22-4EAB-8BDF-DFF71D6AD761}.CD_ROM|x86.ActiveCfg = Debug|Win32
		{76BA46CC-2F22-4EAB-8BDF-DFF71D6AD761}.CD_ROM|x86.Build.0 = Debug|Win32
		{76BA46CC-2F22-4EAB-8BDF-DFF71D6AD761}.Debug|x64.ActiveCfg = Debug|x64
		{76BA46CC-2F22-4EAB-8BDF-DFF71D6AD761}.Debug|x64.Build.0 = Debug|x64
		{76BA46CC-2F22-4EAB-8BDF-DFF71D6AD761}.Debug|x86.ActiveCfg = Debug|Win32
		{76BA46CC-2F22-4EAB-8BDF-DFF71D6AD761}.Debug|x86.Build.0 = Debug|Win32
		{76BA46CC-2F22-4EAB-8BDF-DFF71D6AD761}.DVD-5|x64.ActiveCfg = Debug|x64
		{76BA46CC-2F22-4EAB-8BDF-DFF71D6AD761}.DVD-5|x64.Build.0 = Debug|x64
		{76BA46CC-2F22-4EAB-8BDF-DFF71D6AD761}.DVD-5|x86.ActiveCfg = Debug|Win32
		{76BA46CC-2F22-4EAB-8BDF-DFF71D6AD761}.DVD-5|x86.Build.0 = Debug|Win32
		{76BA46CC-2F22-4EAB-8BDF-DFF71D6AD761}.Release|x64.ActiveCfg = Release|x64
		{76BA46CC-2F22-4EAB-8BDF-DFF71D6AD761}.Release|x64.Build.0 = Release|x64
		{76BA46CC-2F22-4EAB-8BDF-DFF71D6AD761}.Release|x86.ActiveCfg = Release|Win32
		{76BA46CC-2F22-4EAB-8BDF-DFF71D6AD761}.Release|x86.Build.0 = Release|Win32
		{76BA46CC-2F22-4EAB-8BDF-DFF71D6AD761}.SingleImage|x64.ActiveCfg = Release|x64
		{76BA46CC-2F22-4EAB-8BDF-DFF71D6AD761}.SingleImage|x64.Build.0 = Release|x64
		{76BA46CC-2F22-4EAB-8BDF-DFF71D6AD761}.SingleImage|x86.ActiveCfg = Debug|Win32
		{76BA46CC-2F22-4EAB-8BDF-DFF71D6AD761}.SingleImage|x86.Build.0 = Debug|Win32
		{309B2FB6-1B91-4E3C-8F19-E241ED5236B6}.CD_ROM|x64.ActiveCfg = CD_ROM
		{309B2FB6-1B91-4E3C-8F19-E241ED5236B6}.CD_ROM|x64.Build.0 = CD_ROM
		{309B2FB6-1B91-4E3C-8F19-E241ED5236B6}.CD_ROM|x86.ActiveCfg = CD_ROM
		{309B2FB6-1B91-4E3C-8F19-E241ED5236B6}.CD_ROM|x86.Build.0 = CD_ROM
		{309B2FB6-1B91-4E3C-8F19-E241ED5236B6}.Debug|x64.ActiveCfg = DVD-5
		{309B2FB6-1B91-4E3C-8F19-E241ED5236B6}.Debug|x64.Build.0 = DVD-5
		{309B2FB6-1B91-4E3C-8F19-E241ED5236B6}.Debug|x86.ActiveCfg = DVD-5
		{309B2FB6-1B91-4E3C-8F19-E241ED5236B6}.DVD-5|x64.ActiveCfg = DVD-5
		{309B2FB6-1B91-4E3C-8F19-E241ED5236B6}.DVD-5|x64.Build.0 = DVD-5
		{309B2FB6-1B91-4E3C-8F19-E241ED5236B6}.DVD-5|x86.ActiveCfg = DVD-5
		{309B2FB6-1B91-4E3C-8F19-E241ED5236B6}.DVD-5|x86.Build.0 = DVD-5
		{309B2FB6-1B91-4E3C-8F19-E241ED5236B6}.Release|x64.ActiveCfg = SingleImage
		{309B2FB6-1B91-4E3C-8F19-E241ED5236B6}.Release|x64.Build.0 = SingleImage
		{309B2FB6-1B91-4E3C-8F19-E241ED5236B6}.Release|x86.ActiveCfg = SingleImage
		{309B2FB6-1B91-4E3C-8F19-E241ED5236B6}.SingleImage|x64.ActiveCfg = SingleImage
		{309B2FB6-1B91-4E3C-8F19-E241ED5236B6}.SingleImage|x64.Build.0 = SingleImage
		{309B2FB6-1B91-4E3C-8F19-E241ED5236B6}.SingleImage|x86.ActiveCfg = SingleImage
		{309B2FB6-1B91-4E3C-8F19-E241ED5236B6}.SingleImage|x86.Build.0 = SingleImage
		{79E08E89-9479-48FE-99C9-4ABCED0C76DA}.CD_ROM|x64.ActiveCfg = CD_ROM
		{79E08E89-9479-48FE-99C9-4ABCED0C76DA}.CD_ROM|x64.Build.0 = CD_ROM
		{79E08E89-9479-48FE-99C9-4ABCED0C76DA}.CD_ROM|x86.ActiveCfg = CD_ROM
		{79E08E89-9479-48FE-99C9-4ABCED0C76DA}.CD_ROM|x86.Build.0 = CD_ROM
		{79E08E89-9479-48FE-99C9-4ABCED0C76DA}.Debug|x64.ActiveCfg = DVD-5
		{79E08E89-9479-48FE-99C9-4ABCED0C76DA}.Debug|x86.ActiveCfg = DVD-5
		{79E08E89-9479-48FE-99C9-4ABCED0C76DA}.Debug|x86.Build.0 = DVD-5
		{79E08E89-9479-48FE-99C9-4ABCED0C76DA}.DVD-5|x64.ActiveCfg = DVD-5
		{79E08E89-9479-48FE-99C9-4ABCED0C76DA}.DVD-5|x64.Build.0 = DVD-5
		{79E08E89-9479-48FE-99C9-4ABCED0C76DA}.DVD-5|x86.ActiveCfg = DVD-5
		{79E08E89-9479-48FE-99C9-4ABCED0C76DA}.DVD-5|x86.Build.0 = DVD-5
		{79E08E89-9479-48FE-99C9-4ABCED0C76DA}.Release|x64.ActiveCfg = SingleImage
		{79E08E89-9479-48FE-99C9-4ABCED0C76DA}.Release|x86.ActiveCfg = SingleImage
		{79E08E89-9479-48FE-99C9-4ABCED0C76DA}.Release|x86.Build.0 = SingleImage
		{79E08E89-9479-48FE-99C9-4ABCED0C76DA}.SingleImage|x64.ActiveCfg = SingleImage
		{79E08E89-9479-48FE-99C9-4ABCED0C76DA}.SingleImage|x64.Build.0 = SingleImage
		{79E08E89-9479-48FE-99C9-4ABCED0C76DA}.SingleImage|x86.ActiveCfg = SingleImage
		{79E08E89-9479-48FE-99C9-4ABCED0C76DA}.SingleImage|x86.Build.0 = SingleImage
	EndGlobalSection
	GlobalSection(SolutionProperties) = preSolution
		HideSolutionNode = FALSE
	EndGlobalSection
EndGlobal
